// !$*UTF8*$!
{
	archiveVersion = 1;
	classes = {
	};
	objectVersion = 56;
	objects = {

/* Begin PBXBuildFile section */
		9573DD392C6737D500DC3839 /* ScrollingViewReaderApp.swift in Sources */ = {isa = PBXBuildFile; fileRef = 9573DD382C6737D500DC3839 /* ScrollingViewReaderApp.swift */; };
		9573DD3B2C6737D500DC3839 /* HorizontalListView.swift in Sources */ = {isa = PBXBuildFile; fileRef = 9573DD3A2C6737D500DC3839 /* HorizontalListView.swift */; };
		9573DD3D2C6737D800DC3839 /* Assets.xcassets in Resources */ = {isa = PBXBuildFile; fileRef = 9573DD3C2C6737D800DC3839 /* Assets.xcassets */; };
		9573DD402C6737D800DC3839 /* Preview Assets.xcassets in Resources */ = {isa = PBXBuildFile; fileRef = 9573DD3F2C6737D800DC3839 /* Preview Assets.xcassets */; };
		9573DD4A2C6737D800DC3839 /* ScrollingViewReaderTests.swift in Sources */ = {isa = PBXBuildFile; fileRef = 9573DD492C6737D800DC3839 /* ScrollingViewReaderTests.swift */; };
		9573DD542C6737D800DC3839 /* ScrollingViewReaderUITests.swift in Sources */ = {isa = PBXBuildFile; fileRef = 9573DD532C6737D800DC3839 /* ScrollingViewReaderUITests.swift */; };
		9573DD562C6737D800DC3839 /* ScrollingViewReaderUITestsLaunchTests.swift in Sources */ = {isa = PBXBuildFile; fileRef = 9573DD552C6737D800DC3839 /* ScrollingViewReaderUITestsLaunchTests.swift */; };
/* End PBXBuildFile section */

/* Begin PBXContainerItemProxy section */
		9573DD462C6737D800DC3839 /* PBXContainerItemProxy */ = {
			isa = PBXContainerItemProxy;
			containerPortal = 9573DD2D2C6737D500DC3839 /* Project object */;
			proxyType = 1;
			remoteGlobalIDString = 9573DD342C6737D500DC3839;
			remoteInfo = ScrollingViewReader;
		};
		9573DD502C6737D800DC3839 /* PBXContainerItemProxy */ = {
			isa = PBXContainerItemProxy;
			containerPortal = 9573DD2D2C6737D500DC3839 /* Project object */;
			proxyType = 1;
			remoteGlobalIDString = 9573DD342C6737D500DC3839;
			remoteInfo = ScrollingViewReader;
		};
/* End PBXContainerItemProxy section */

/* Begin PBXFileReference section */
		9573DD352C6737D500DC3839 /* ScrollingViewReader.app */ = {isa = PBXFileReference; explicitFileType = wrapper.application; includeInIndex = 0; path = ScrollingViewReader.app; sourceTree = BUILT_PRODUCTS_DIR; };
		9573DD382C6737D500DC3839 /* ScrollingViewReaderApp.swift */ = {isa = PBXFileReference; lastKnownFileType = sourcecode.swift; path = ScrollingViewReaderApp.swift; sourceTree = "<group>"; };
		9573DD3A2C6737D500DC3839 /* HorizontalListView.swift */ = {isa = PBXFileReference; lastKnownFileType = sourcecode.swift; path = HorizontalListView.swift; sourceTree = "<group>"; };
		9573DD3C2C6737D800DC3839 /* Assets.xcassets */ = {isa = PBXFileReference; lastKnownFileType = folder.assetcatalog; path = Assets.xcassets; sourceTree = "<group>"; };
		9573DD3F2C6737D800DC3839 /* Preview Assets.xcassets */ = {isa = PBXFileReference; lastKnownFileType = folder.assetcatalog; path = "Preview Assets.xcassets"; sourceTree = "<group>"; };
		9573DD452C6737D800DC3839 /* ScrollingViewReaderTests.xctest */ = {isa = PBXFileReference; explicitFileType = wrapper.cfbundle; includeInIndex = 0; path = ScrollingViewReaderTests.xctest; sourceTree = BUILT_PRODUCTS_DIR; };
		9573DD492C6737D800DC3839 /* ScrollingViewReaderTests.swift */ = {isa = PBXFileReference; lastKnownFileType = sourcecode.swift; path = ScrollingViewReaderTests.swift; sourceTree = "<group>"; };
		9573DD4F2C6737D800DC3839 /* ScrollingViewReaderUITests.xctest */ = {isa = PBXFileReference; explicitFileType = wrapper.cfbundle; includeInIndex = 0; path = ScrollingViewReaderUITests.xctest; sourceTree = BUILT_PRODUCTS_DIR; };
		9573DD532C6737D800DC3839 /* ScrollingViewReaderUITests.swift */ = {isa = PBXFileReference; lastKnownFileType = sourcecode.swift; path = ScrollingViewReaderUITests.swift; sourceTree = "<group>"; };
		9573DD552C6737D800DC3839 /* ScrollingViewReaderUITestsLaunchTests.swift */ = {isa = PBXFileReference; lastKnownFileType = sourcecode.swift; path = ScrollingViewReaderUITestsLaunchTests.swift; sourceTree = "<group>"; };
/* End PBXFileReference section */

/* Begin PBXFrameworksBuildPhase section */
		9573DD322C6737D500DC3839 /* Frameworks */ = {
			isa = PBXFrameworksBuildPhase;
			buildActionMask = 2147483647;
			files = (
			);
			runOnlyForDeploymentPostprocessing = 0;
		};
		9573DD422C6737D800DC3839 /* Frameworks */ = {
			isa = PBXFrameworksBuildPhase;
			buildActionMask = 2147483647;
			files = (
			);
			runOnlyForDeploymentPostprocessing = 0;
		};
		9573DD4C2C6737D800DC3839 /* Frameworks */ = {
			isa = PBXFrameworksBuildPhase;
			buildActionMask = 2147483647;
			files = (
			);
			runOnlyForDeploymentPostprocessing = 0;
		};
/* End PBXFrameworksBuildPhase section */

/* Begin PBXGroup section */
		9573DD2C2C6737D500DC3839 = {
			isa = PBXGroup;
			children = (
				9573DD372C6737D500DC3839 /* ScrollingViewReader */,
				9573DD482C6737D800DC3839 /* ScrollingViewReaderTests */,
				9573DD522C6737D800DC3839 /* ScrollingViewReaderUITests */,
				9573DD362C6737D500DC3839 /* Products */,
			);
			sourceTree = "<group>";
		};
		9573DD362C6737D500DC3839 /* Products */ = {
			isa = PBXGroup;
			children = (
				9573DD352C6737D500DC3839 /* ScrollingViewReader.app */,
				9573DD452C6737D800DC3839 /* ScrollingViewReaderTests.xctest */,
				9573DD4F2C6737D800DC3839 /* ScrollingViewReaderUITests.xctest */,
			);
			name = Products;
			sourceTree = "<group>";
		};
		9573DD372C6737D500DC3839 /* ScrollingViewReader */ = {
			isa = PBXGroup;
			children = (
				9573DD382C6737D500DC3839 /* ScrollingViewReaderApp.swift */,
				9573DD3A2C6737D500DC3839 /* HorizontalListView.swift */,
				9573DD3C2C6737D800DC3839 /* Assets.xcassets */,
				9573DD3E2C6737D800DC3839 /* Preview Content */,
			);
			path = ScrollingViewReader;
			sourceTree = "<group>";
		};
		9573DD3E2C6737D800DC3839 /* Preview Content */ = {
			isa = PBXGroup;
			children = (
				9573DD3F2C6737D800DC3839 /* Preview Assets.xcassets */,
			);
			path = "Preview Content";
			sourceTree = "<group>";
		};
		9573DD482C6737D800DC3839 /* ScrollingViewReaderTests */ = {
			isa = PBXGroup;
			children = (
				9573DD492C6737D800DC3839 /* ScrollingViewReaderTests.swift */,
			);
			path = ScrollingViewReaderTests;
			sourceTree = "<group>";
		};
		9573DD522C6737D800DC3839 /* ScrollingViewReaderUITests */ = {
			isa = PBXGroup;
			children = (
				9573DD532C6737D800DC3839 /* ScrollingViewReaderUITests.swift */,
				9573DD552C6737D800DC3839 /* ScrollingViewReaderUITestsLaunchTests.swift */,
			);
			path = ScrollingViewReaderUITests;
			sourceTree = "<group>";
		};
/* End PBXGroup section */

/* Begin PBXNativeTarget section */
		9573DD342C6737D500DC3839 /* ScrollingViewReader */ = {
			isa = PBXNativeTarget;
			buildConfigurationList = 9573DD592C6737D800DC3839 /* Build configuration list for PBXNativeTarget "ScrollingViewReader" */;
			buildPhases = (
				9573DD312C6737D500DC3839 /* Sources */,
				9573DD322C6737D500DC3839 /* Frameworks */,
				9573DD332C6737D500DC3839 /* Resources */,
			);
			buildRules = (
			);
			dependencies = (
			);
			name = ScrollingViewReader;
			productName = ScrollingViewReader;
			productReference = 9573DD352C6737D500DC3839 /* ScrollingViewReader.app */;
			productType = "com.apple.product-type.application";
		};
		9573DD442C6737D800DC3839 /* ScrollingViewReaderTests */ = {
			isa = PBXNativeTarget;
			buildConfigurationList = 9573DD5C2C6737D800DC3839 /* Build configuration list for PBXNativeTarget "ScrollingViewReaderTests" */;
			buildPhases = (
				9573DD412C6737D800DC3839 /* Sources */,
				9573DD422C6737D800DC3839 /* Frameworks */,
				9573DD432C6737D800DC3839 /* Resources */,
			);
			buildRules = (
			);
			dependencies = (
				9573DD472C6737D800DC3839 /* PBXTargetDependency */,
			);
			name = ScrollingViewReaderTests;
			productName = ScrollingViewReaderTests;
			productReference = 9573DD452C6737D800DC3839 /* ScrollingViewReaderTests.xctest */;
			productType = "com.apple.product-type.bundle.unit-test";
		};
		9573DD4E2C6737D800DC3839 /* ScrollingViewReaderUITests */ = {
			isa = PBXNativeTarget;
			buildConfigurationList = 9573DD5F2C6737D800DC3839 /* Build configuration list for PBXNativeTarget "ScrollingViewReaderUITests" */;
			buildPhases = (
				9573DD4B2C6737D800DC3839 /* Sources */,
				9573DD4C2C6737D800DC3839 /* Frameworks */,
				9573DD4D2C6737D800DC3839 /* Resources */,
			);
			buildRules = (
			);
			dependencies = (
				9573DD512C6737D800DC3839 /* PBXTargetDependency */,
			);
			name = ScrollingViewReaderUITests;
			productName = ScrollingViewReaderUITests;
			productReference = 9573DD4F2C6737D800DC3839 /* ScrollingViewReaderUITests.xctest */;
			productType = "com.apple.product-type.bundle.ui-testing";
		};
/* End PBXNativeTarget section */

/* Begin PBXProject section */
		9573DD2D2C6737D500DC3839 /* Project object */ = {
			isa = PBXProject;
			attributes = {
				BuildIndependentTargetsInParallel = 1;
				LastSwiftUpdateCheck = 1520;
				LastUpgradeCheck = 1520;
				TargetAttributes = {
					9573DD342C6737D500DC3839 = {
						CreatedOnToolsVersion = 15.2;
					};
					9573DD442C6737D800DC3839 = {
						CreatedOnToolsVersion = 15.2;
						TestTargetID = 9573DD342C6737D500DC3839;
					};
					9573DD4E2C6737D800DC3839 = {
						CreatedOnToolsVersion = 15.2;
						TestTargetID = 9573DD342C6737D500DC3839;
					};
				};
			};
			buildConfigurationList = 9573DD302C6737D500DC3839 /* Build configuration list for PBXProject "ScrollingViewReader" */;
			compatibilityVersion = "Xcode 14.0";
			developmentRegion = en;
			hasScannedForEncodings = 0;
			knownRegions = (
				en,
				Base,
			);
			mainGroup = 9573DD2C2C6737D500DC3839;
			productRefGroup = 9573DD362C6737D500DC3839 /* Products */;
			projectDirPath = "";
			projectRoot = "";
			targets = (
				9573DD342C6737D500DC3839 /* ScrollingViewReader */,
				9573DD442C6737D800DC3839 /* ScrollingViewReaderTests */,
				9573DD4E2C6737D800DC3839 /* ScrollingViewReaderUITests */,
			);
		};
/* End PBXProject section */

/* Begin PBXResourcesBuildPhase section */
		9573DD332C6737D500DC3839 /* Resources */ = {
			isa = PBXResourcesBuildPhase;
			buildActionMask = 2147483647;
			files = (
				9573DD402C6737D800DC3839 /* Preview Assets.xcassets in Resources */,
				9573DD3D2C6737D800DC3839 /* Assets.xcassets in Resources */,
			);
			runOnlyForDeploymentPostprocessing = 0;
		};
		9573DD432C6737D800DC3839 /* Resources */ = {
			isa = PBXResourcesBuildPhase;
			buildActionMask = 2147483647;
			files = (
			);
			runOnlyForDeploymentPostprocessing = 0;
		};
		9573DD4D2C6737D800DC3839 /* Resources */ = {
			isa = PBXResourcesBuildPhase;
			buildActionMask = 2147483647;
			files = (
			);
			runOnlyForDeploymentPostprocessing = 0;
		};
/* End PBXResourcesBuildPhase section */

/* Begin PBXSourcesBuildPhase section */
		9573DD312C6737D500DC3839 /* Sources */ = {
			isa = PBXSourcesBuildPhase;
			buildActionMask = 2147483647;
			files = (
				9573DD3B2C6737D500DC3839 /* HorizontalListView.swift in Sources */,
				9573DD392C6737D500DC3839 /* ScrollingViewReaderApp.swift in Sources */,
			);
			runOnlyForDeploymentPostprocessing = 0;
		};
		9573DD412C6737D800DC3839 /* Sources */ = {
			isa = PBXSourcesBuildPhase;
			buildActionMask = 2147483647;
			files = (
				9573DD4A2C6737D800DC3839 /* ScrollingViewReaderTests.swift in Sources */,
			);
			runOnlyForDeploymentPostprocessing = 0;
		};
		9573DD4B2C6737D800DC3839 /* Sources */ = {
			isa = PBXSourcesBuildPhase;
			buildActionMask = 2147483647;
			files = (
				9573DD562C6737D800DC3839 /* ScrollingViewReaderUITestsLaunchTests.swift in Sources */,
				9573DD542C6737D800DC3839 /* ScrollingViewReaderUITests.swift in Sources */,
			);
			runOnlyForDeploymentPostprocessing = 0;
		};
/* End PBXSourcesBuildPhase section */

/* Begin PBXTargetDependency section */
		9573DD472C6737D800DC3839 /* PBXTargetDependency */ = {
			isa = PBXTargetDependency;
			target = 9573DD342C6737D500DC3839 /* ScrollingViewReader */;
			targetProxy = 9573DD462C6737D800DC3839 /* PBXContainerItemProxy */;
		};
		9573DD512C6737D800DC3839 /* PBXTargetDependency */ = {
			isa = PBXTargetDependency;
			target = 9573DD342C6737D500DC3839 /* ScrollingViewReader */;
			targetProxy = 9573DD502C6737D800DC3839 /* PBXContainerItemProxy */;
		};
/* End PBXTargetDependency section */

/* Begin XCBuildConfiguration section */
		9573DD572C6737D800DC3839 /* Debug */ = {
			isa = XCBuildConfiguration;
			buildSettings = {
				ALWAYS_SEARCH_USER_PATHS = NO;
				ASSETCATALOG_COMPILER_GENERATE_SWIFT_ASSET_SYMBOL_EXTENSIONS = YES;
				CLANG_ANALYZER_NONNULL = YES;
				CLANG_ANALYZER_NUMBER_OBJECT_CONVERSION = YES_AGGRESSIVE;
				CLANG_CXX_LANGUAGE_STANDARD = "gnu++20";
				CLANG_ENABLE_MODULES = YES;
				CLANG_ENABLE_OBJC_ARC = YES;
				CLANG_ENABLE_OBJC_WEAK = YES;
				CLANG_WARN_BLOCK_CAPTURE_AUTORELEASING = YES;
				CLANG_WARN_BOOL_CONVERSION = YES;
				CLANG_WARN_COMMA = YES;
				CLANG_WARN_CONSTANT_CONVERSION = YES;
				CLANG_WARN_DEPRECATED_OBJC_IMPLEMENTATIONS = YES;
				CLANG_WARN_DIRECT_OBJC_ISA_USAGE = YES_ERROR;
				CLANG_WARN_DOCUMENTATION_COMMENTS = YES;
				CLANG_WARN_EMPTY_BODY = YES;
				CLANG_WARN_ENUM_CONVERSION = YES;
				CLANG_WARN_INFINITE_RECURSION = YES;
				CLANG_WARN_INT_CONVERSION = YES;
				CLANG_WARN_NON_LITERAL_NULL_CONVERSION = YES;
				CLANG_WARN_OBJC_IMPLICIT_RETAIN_SELF = YES;
				CLANG_WARN_OBJC_LITERAL_CONVERSION = YES;
				CLANG_WARN_OBJC_ROOT_CLASS = YES_ERROR;
				CLANG_WARN_QUOTED_INCLUDE_IN_FRAMEWORK_HEADER = YES;
				CLANG_WARN_RANGE_LOOP_ANALYSIS = YES;
				CLANG_WARN_STRICT_PROTOTYPES = YES;
				CLANG_WARN_SUSPICIOUS_MOVE = YES;
				CLANG_WARN_UNGUARDED_AVAILABILITY = YES_AGGRESSIVE;
				CLANG_WARN_UNREACHABLE_CODE = YES;
				CLANG_WARN__DUPLICATE_METHOD_MATCH = YES;
				COPY_PHASE_STRIP = NO;
				DEBUG_INFORMATION_FORMAT = dwarf;
				ENABLE_STRICT_OBJC_MSGSEND = YES;
				ENABLE_TESTABILITY = YES;
				ENABLE_USER_SCRIPT_SANDBOXING = YES;
				GCC_C_LANGUAGE_STANDARD = gnu17;
				GCC_DYNAMIC_NO_PIC = NO;
				GCC_NO_COMMON_BLOCKS = YES;
				GCC_OPTIMIZATION_LEVEL = 0;
				GCC_PREPROCESSOR_DEFINITIONS = (
					"DEBUG=1",
					"$(inherited)",
				);
				GCC_WARN_64_TO_32_BIT_CONVERSION = YES;
				GCC_WARN_ABOUT_RETURN_TYPE = YES_ERROR;
				GCC_WARN_UNDECLARED_SELECTOR = YES;
				GCC_WARN_UNINITIALIZED_AUTOS = YES_AGGRESSIVE;
				GCC_WARN_UNUSED_FUNCTION = YES;
				GCC_WARN_UNUSED_VARIABLE = YES;
				IPHONEOS_DEPLOYMENT_TARGET = 17.2;
				LOCALIZATION_PREFERS_STRING_CATALOGS = YES;
				MTL_ENABLE_DEBUG_INFO = INCLUDE_SOURCE;
				MTL_FAST_MATH = YES;
				ONLY_ACTIVE_ARCH = YES;
				SDKROOT = iphoneos;
				SWIFT_ACTIVE_COMPILATION_CONDITIONS = "DEBUG $(inherited)";
				SWIFT_OPTIMIZATION_LEVEL = "-Onone";
			};
			name = Debug;
		};
		9573DD582C6737D800DC3839 /* Release */ = {
			isa = XCBuildConfiguration;
			buildSettings = {
				ALWAYS_SEARCH_USER_PATHS = NO;
				ASSETCATALOG_COMPILER_GENERATE_SWIFT_ASSET_SYMBOL_EXTENSIONS = YES;
				CLANG_ANALYZER_NONNULL = YES;
				CLANG_ANALYZER_NUMBER_OBJECT_CONVERSION = YES_AGGRESSIVE;
				CLANG_CXX_LANGUAGE_STANDARD = "gnu++20";
				CLANG_ENABLE_MODULES = YES;
				CLANG_ENABLE_OBJC_ARC = YES;
				CLANG_ENABLE_OBJC_WEAK = YES;
				CLANG_WARN_BLOCK_CAPTURE_AUTORELEASING = YES;
				CLANG_WARN_BOOL_CONVERSION = YES;
				CLANG_WARN_COMMA = YES;
				CLANG_WARN_CONSTANT_CONVERSION = YES;
				CLANG_WARN_DEPRECATED_OBJC_IMPLEMENTATIONS = YES;
				CLANG_WARN_DIRECT_OBJC_ISA_USAGE = YES_ERROR;
				CLANG_WARN_DOCUMENTATION_COMMENTS = YES;
				CLANG_WARN_EMPTY_BODY = YES;
				CLANG_WARN_ENUM_CONVERSION = YES;
				CLANG_WARN_INFINITE_RECURSION = YES;
				CLANG_WARN_INT_CONVERSION = YES;
				CLANG_WARN_NON_LITERAL_NULL_CONVERSION = YES;
				CLANG_WARN_OBJC_IMPLICIT_RETAIN_SELF = YES;
				CLANG_WARN_OBJC_LITERAL_CONVERSION = YES;
				CLANG_WARN_OBJC_ROOT_CLASS = YES_ERROR;
				CLANG_WARN_QUOTED_INCLUDE_IN_FRAMEWORK_HEADER = YES;
				CLANG_WARN_RANGE_LOOP_ANALYSIS = YES;
				CLANG_WARN_STRICT_PROTOTYPES = YES;
				CLANG_WARN_SUSPICIOUS_MOVE = YES;
				CLANG_WARN_UNGUARDED_AVAILABILITY = YES_AGGRESSIVE;
				CLANG_WARN_UNREACHABLE_CODE = YES;
				CLANG_WARN__DUPLICATE_METHOD_MATCH = YES;
				COPY_PHASE_STRIP = NO;
				DEBUG_INFORMATION_FORMAT = "dwarf-with-dsym";
				ENABLE_NS_ASSERTIONS = NO;
				ENABLE_STRICT_OBJC_MSGSEND = YES;
				ENABLE_USER_SCRIPT_SANDBOXING = YES;
				GCC_C_LANGUAGE_STANDARD = gnu17;
				GCC_NO_COMMON_BLOCKS = YES;
				GCC_WARN_64_TO_32_BIT_CONVERSION = YES;
				GCC_WARN_ABOUT_RETURN_TYPE = YES_ERROR;
				GCC_WARN_UNDECLARED_SELECTOR = YES;
				GCC_WARN_UNINITIALIZED_AUTOS = YES_AGGRESSIVE;
				GCC_WARN_UNUSED_FUNCTION = YES;
				GCC_WARN_UNUSED_VARIABLE = YES;
				IPHONEOS_DEPLOYMENT_TARGET = 17.2;
				LOCALIZATION_PREFERS_STRING_CATALOGS = YES;
				MTL_ENABLE_DEBUG_INFO = NO;
				MTL_FAST_MATH = YES;
				SDKROOT = iphoneos;
				SWIFT_COMPILATION_MODE = wholemodule;
				VALIDATE_PRODUCT = YES;
			};
			name = Release;
		};
		9573DD5A2C6737D800DC3839 /* Debug */ = {
			isa = XCBuildConfiguration;
			buildSettings = {
				ASSETCATALOG_COMPILER_APPICON_NAME = AppIcon;
				ASSETCATALOG_COMPILER_GLOBAL_ACCENT_COLOR_NAME = AccentColor;
				CODE_SIGN_STYLE = Automatic;
				CURRENT_PROJECT_VERSION = 1;
				DEVELOPMENT_ASSET_PATHS = "\"ScrollingViewReader/Preview Content\"";
				ENABLE_PREVIEWS = YES;
				GENERATE_INFOPLIST_FILE = YES;
				INFOPLIST_KEY_UIApplicationSceneManifest_Generation = YES;
				INFOPLIST_KEY_UIApplicationSupportsIndirectInputEvents = YES;
				INFOPLIST_KEY_UILaunchScreen_Generation = YES;
				INFOPLIST_KEY_UISupportedInterfaceOrientations_iPad = "UIInterfaceOrientationPortrait UIInterfaceOrientationPortraitUpsideDown UIInterfaceOrientationLandscapeLeft UIInterfaceOrientationLandscapeRight";
				INFOPLIST_KEY_UISupportedInterfaceOrientations_iPhone = "UIInterfaceOrientationPortrait UIInterfaceOrientationLandscapeLeft UIInterfaceOrientationLandscapeRight";
				LD_RUNPATH_SEARCH_PATHS = (
					"$(inherited)",
					"@executable_path/Frameworks",
				);
				MARKETING_VERSION = 1.0;
				PRODUCT_BUNDLE_IDENTIFIER = KLM.ScrollingViewReader;
				PRODUCT_NAME = "$(TARGET_NAME)";
				SWIFT_EMIT_LOC_STRINGS = YES;
				SWIFT_VERSION = 5.0;
				TARGETED_DEVICE_FAMILY = "1,2";
			};
			name = Debug;
		};
		9573DD5B2C6737D800DC3839 /* Release */ = {
			isa = XCBuildConfiguration;
			buildSettings = {
				ASSETCATALOG_COMPILER_APPICON_NAME = AppIcon;
				ASSETCATALOG_COMPILER_GLOBAL_ACCENT_COLOR_NAME = AccentColor;
				CODE_SIGN_STYLE = Automatic;
				CURRENT_PROJECT_VERSION = 1;
				DEVELOPMENT_ASSET_PATHS = "\"ScrollingViewReader/Preview Content\"";
				ENABLE_PREVIEWS = YES;
				GENERATE_INFOPLIST_FILE = YES;
				INFOPLIST_KEY_UIApplicationSceneManifest_Generation = YES;
				INFOPLIST_KEY_UIApplicationSupportsIndirectInputEvents = YES;
				INFOPLIST_KEY_UILaunchScreen_Generation = YES;
				INFOPLIST_KEY_UISupportedInterfaceOrientations_iPad = "UIInterfaceOrientationPortrait UIInterfaceOrientationPortraitUpsideDown UIInterfaceOrientationLandscapeLeft UIInterfaceOrientationLandscapeRight";
				INFOPLIST_KEY_UISupportedInterfaceOrientations_iPhone = "UIInterfaceOrientationPortrait UIInterfaceOrientationLandscapeLeft UIInterfaceOrientationLandscapeRight";
				LD_RUNPATH_SEARCH_PATHS = (
					"$(inherited)",
					"@executable_path/Frameworks",
				);
				MARKETING_VERSION = 1.0;
				PRODUCT_BUNDLE_IDENTIFIER = KLM.ScrollingViewReader;
				PRODUCT_NAME = "$(TARGET_NAME)";
				SWIFT_EMIT_LOC_STRINGS = YES;
				SWIFT_VERSION = 5.0;
				TARGETED_DEVICE_FAMILY = "1,2";
			};
			name = Release;
		};
		9573DD5D2C6737D800DC3839 /* Debug */ = {
			isa = XCBuildConfiguration;
			buildSettings = {
				ALWAYS_EMBED_SWIFT_STANDARD_LIBRARIES = YES;
				BUNDLE_LOADER = "$(TEST_HOST)";
				CODE_SIGN_STYLE = Automatic;
				CURRENT_PROJECT_VERSION = 1;
				GENERATE_INFOPLIST_FILE = YES;
				IPHONEOS_DEPLOYMENT_TARGET = 17.2;
				MARKETING_VERSION = 1.0;
				PRODUCT_BUNDLE_IDENTIFIER = KLM.ScrollingViewReaderTests;
				PRODUCT_NAME = "$(TARGET_NAME)";
				SWIFT_EMIT_LOC_STRINGS = NO;
				SWIFT_VERSION = 5.0;
				TARGETED_DEVICE_FAMILY = "1,2";
				TEST_HOST = "$(BUILT_PRODUCTS_DIR)/ScrollingViewReader.app/$(BUNDLE_EXECUTABLE_FOLDER_PATH)/ScrollingViewReader";
			};
			name = Debug;
		};
		9573DD5E2C6737D800DC3839 /* Release */ = {
			isa = XCBuildConfiguration;
			buildSettings = {
				ALWAYS_EMBED_SWIFT_STANDARD_LIBRARIES = YES;
				BUNDLE_LOADER = "$(TEST_HOST)";
				CODE_SIGN_STYLE = Automatic;
				CURRENT_PROJECT_VERSION = 1;
				GENERATE_INFOPLIST_FILE = YES;
				IPHONEOS_DEPLOYMENT_TARGET = 17.2;
				MARKETING_VERSION = 1.0;
				PRODUCT_BUNDLE_IDENTIFIER = KLM.ScrollingViewReaderTests;
				PRODUCT_NAME = "$(TARGET_NAME)";
				SWIFT_EMIT_LOC_STRINGS = NO;
				SWIFT_VERSION = 5.0;
				TARGETED_DEVICE_FAMILY = "1,2";
				TEST_HOST = "$(BUILT_PRODUCTS_DIR)/ScrollingViewReader.app/$(BUNDLE_EXECUTABLE_FOLDER_PATH)/ScrollingViewReader";
			};
			name = Release;
		};
		9573DD602C6737D800DC3839 /* Debug */ = {
			isa = XCBuildConfiguration;
			buildSettings = {
				ALWAYS_EMBED_SWIFT_STANDARD_LIBRARIES = YES;
				CODE_SIGN_STYLE = Automatic;
				CURRENT_PROJECT_VERSION = 1;
				GENERATE_INFOPLIST_FILE = YES;
				MARKETING_VERSION = 1.0;
				PRODUCT_BUNDLE_IDENTIFIER = KLM.ScrollingViewReaderUITests;
				PRODUCT_NAME = "$(TARGET_NAME)";
				SWIFT_EMIT_LOC_STRINGS = NO;
				SWIFT_VERSION = 5.0;
				TARGETED_DEVICE_FAMILY = "1,2";
				TEST_TARGET_NAME = ScrollingViewReader;
			};
			name = Debug;
		};
		9573DD612C6737D800DC3839 /* Release */ = {
			isa = XCBuildConfiguration;
			buildSettings = {
				ALWAYS_EMBED_SWIFT_STANDARD_LIBRARIES = YES;
				CODE_SIGN_STYLE = Automatic;
				CURRENT_PROJECT_VERSION = 1;
				GENERATE_INFOPLIST_FILE = YES;
				MARKETING_VERSION = 1.0;
				PRODUCT_BUNDLE_IDENTIFIER = KLM.ScrollingViewReaderUITests;
				PRODUCT_NAME = "$(TARGET_NAME)";
				SWIFT_EMIT_LOC_STRINGS = NO;
				SWIFT_VERSION = 5.0;
				TARGETED_DEVICE_FAMILY = "1,2";
				TEST_TARGET_NAME = ScrollingViewReader;
			};
			name = Release;
		};
/* End XCBuildConfiguration section */

/* Begin XCConfigurationList section */
		9573DD302C6737D500DC3839 /* Build configuration list for PBXProject "ScrollingViewReader" */ = {
			isa = XCConfigurationList;
			buildConfigurations = (
				9573DD572C6737D800DC3839 /* Debug */,
				9573DD582C6737D800DC3839 /* Release */,
			);
			defaultConfigurationIsVisible = 0;
			defaultConfigurationName = Release;
		};
		9573DD592C6737D800DC3839 /* Build configuration list for PBXNativeTarget "ScrollingViewReader" */ = {
			isa = XCConfigurationList;
			buildConfigurations = (
				9573DD5A2C6737D800DC3839 /* Debug */,
				9573DD5B2C6737D800DC3839 /* Release */,
			);
			defaultConfigurationIsVisible = 0;
			defaultConfigurationName = Release;
		};
		9573DD5C2C6737D800DC3839 /* Build configuration list for PBXNativeTarget "ScrollingViewReaderTests" */ = {
			isa = XCConfigurationList;
			buildConfigurations = (
				9573DD5D2C6737D800DC3839 /* Debug */,
				9573DD5E2C6737D800DC3839 /* Release */,
			);
			defaultConfigurationIsVisible = 0;
			defaultConfigurationName = Release;
		};
		9573DD5F2C6737D800DC3839 /* Build configuration list for PBXNativeTarget "ScrollingViewReaderUITests" */ = {
			isa = XCConfigurationList;
			buildConfigurations = (
				9573DD602C6737D800DC3839 /* Debug */,
				9573DD612C6737D800DC3839 /* Release */,
			);
			defaultConfigurationIsVisible = 0;
			defaultConfigurationName = Release;
		};
/* End XCConfigurationList section */
	};
	rootObject = 9573DD2D2C6737D500DC3839 /* Project object */;
}
